// !$*UTF8*$!
{
	archiveVersion = 1;
	classes = {
	};
	objectVersion = 50;
	objects = {

/* Begin PBXBuildFile section */
		2C11C92825A610F3001EF9B4 /* Memorize__Stanford_App.swift in Sources */ = {isa = PBXBuildFile; fileRef = 2C11C92725A610F3001EF9B4 /* Memorize__Stanford_App.swift */; };
		2C11C92A25A610F3001EF9B4 /* EmojiMemoryGameView.swift in Sources */ = {isa = PBXBuildFile; fileRef = 2C11C92925A610F3001EF9B4 /* EmojiMemoryGameView.swift */; };
		2C11C92C25A610F4001EF9B4 /* Assets.xcassets in Resources */ = {isa = PBXBuildFile; fileRef = 2C11C92B25A610F4001EF9B4 /* Assets.xcassets */; };
		2C11C92F25A610F4001EF9B4 /* Preview Assets.xcassets in Resources */ = {isa = PBXBuildFile; fileRef = 2C11C92E25A610F4001EF9B4 /* Preview Assets.xcassets */; };
		2C423F0525BAB8B600C3C786 /* Array+Identifiable.swift in Sources */ = {isa = PBXBuildFile; fileRef = 2C423F0425BAB8B600C3C786 /* Array+Identifiable.swift */; };
		2CBCA77625B17FFC008B6030 /* MemoryGame.swift in Sources */ = {isa = PBXBuildFile; fileRef = 2CBCA77525B17FFC008B6030 /* MemoryGame.swift */; };
		2CBCA77925B181F5008B6030 /* EmojiMemoryGame.swift in Sources */ = {isa = PBXBuildFile; fileRef = 2CBCA77825B181F5008B6030 /* EmojiMemoryGame.swift */; };
		31821764E1E9FE7888B7CA9F /* GridLayout.swift in Sources */ = {isa = PBXBuildFile; fileRef = 3182116B95797EF5B9EB3A34 /* GridLayout.swift */; };
		31821CB19336F396C77CD019 /* .gitignore in Resources */ = {isa = PBXBuildFile; fileRef = 318217E0022C73025A89B92E /* .gitignore */; };
		31821CFFEB5E04F7F8A2B417 /* Grid.swift in Sources */ = {isa = PBXBuildFile; fileRef = 318214A38DE5CAB3459FA2FD /* Grid.swift */; };
/* End PBXBuildFile section */

/* Begin PBXFileReference section */
		2C11C92425A610F3001EF9B4 /* Memorize (Stanford).app */ = {isa = PBXFileReference; explicitFileType = wrapper.application; includeInIndex = 0; path = "Memorize (Stanford).app"; sourceTree = BUILT_PRODUCTS_DIR; };
		2C11C92725A610F3001EF9B4 /* Memorize__Stanford_App.swift */ = {isa = PBXFileReference; lastKnownFileType = sourcecode.swift; path = Memorize__Stanford_App.swift; sourceTree = "<group>"; };
		2C11C92925A610F3001EF9B4 /* EmojiMemoryGameView.swift */ = {isa = PBXFileReference; lastKnownFileType = sourcecode.swift; path = EmojiMemoryGameView.swift; sourceTree = "<group>"; };
		2C11C92B25A610F4001EF9B4 /* Assets.xcassets */ = {isa = PBXFileReference; lastKnownFileType = folder.assetcatalog; path = Assets.xcassets; sourceTree = "<group>"; };
		2C11C92E25A610F4001EF9B4 /* Preview Assets.xcassets */ = {isa = PBXFileReference; lastKnownFileType = folder.assetcatalog; path = "Preview Assets.xcassets"; sourceTree = "<group>"; };
		2C11C93025A610F4001EF9B4 /* Info.plist */ = {isa = PBXFileReference; lastKnownFileType = text.plist.xml; path = Info.plist; sourceTree = "<group>"; };
		2C423F0425BAB8B600C3C786 /* Array+Identifiable.swift */ = {isa = PBXFileReference; lastKnownFileType = sourcecode.swift; path = "Array+Identifiable.swift"; sourceTree = "<group>"; };
		2CBCA77525B17FFC008B6030 /* MemoryGame.swift */ = {isa = PBXFileReference; lastKnownFileType = sourcecode.swift; path = MemoryGame.swift; sourceTree = "<group>"; };
		2CBCA77825B181F5008B6030 /* EmojiMemoryGame.swift */ = {isa = PBXFileReference; lastKnownFileType = sourcecode.swift; path = EmojiMemoryGame.swift; sourceTree = "<group>"; };
		3182116B95797EF5B9EB3A34 /* GridLayout.swift */ = {isa = PBXFileReference; fileEncoding = 4; lastKnownFileType = sourcecode.swift; path = GridLayout.swift; sourceTree = "<group>"; };
		318214A38DE5CAB3459FA2FD /* Grid.swift */ = {isa = PBXFileReference; fileEncoding = 4; lastKnownFileType = sourcecode.swift; path = Grid.swift; sourceTree = "<group>"; };
		318217E0022C73025A89B92E /* .gitignore */ = {isa = PBXFileReference; lastKnownFileType = file.gitignore; path = .gitignore; sourceTree = "<group>"; };
/* End PBXFileReference section */

/* Begin PBXFrameworksBuildPhase section */
		2C11C92125A610F3001EF9B4 /* Frameworks */ = {
			isa = PBXFrameworksBuildPhase;
			buildActionMask = 2147483647;
			files = (
			);
			runOnlyForDeploymentPostprocessing = 0;
		};
/* End PBXFrameworksBuildPhase section */

/* Begin PBXGroup section */
		2C11C91B25A610F3001EF9B4 = {
			isa = PBXGroup;
			children = (
				2C11C92625A610F3001EF9B4 /* Memorize (Stanford) */,
				2C11C92525A610F3001EF9B4 /* Products */,
				318217E0022C73025A89B92E /* .gitignore */,
			);
			sourceTree = "<group>";
		};
		2C11C92525A610F3001EF9B4 /* Products */ = {
			isa = PBXGroup;
			children = (
				2C11C92425A610F3001EF9B4 /* Memorize (Stanford).app */,
			);
			name = Products;
			sourceTree = "<group>";
		};
		2C11C92625A610F3001EF9B4 /* Memorize (Stanford) */ = {
			isa = PBXGroup;
			children = (
				2C423F0425BAB8B600C3C786 /* Array+Identifiable.swift */,
				2C11C92725A610F3001EF9B4 /* Memorize__Stanford_App.swift */,
				2C11C92925A610F3001EF9B4 /* EmojiMemoryGameView.swift */,
				2CBCA77825B181F5008B6030 /* EmojiMemoryGame.swift */,
				2CBCA77525B17FFC008B6030 /* MemoryGame.swift */,
				2C11C92B25A610F4001EF9B4 /* Assets.xcassets */,
				2C11C93025A610F4001EF9B4 /* Info.plist */,
				2C11C92D25A610F4001EF9B4 /* Preview Content */,
				318214A38DE5CAB3459FA2FD /* Grid.swift */,
				3182116B95797EF5B9EB3A34 /* GridLayout.swift */,
			);
			path = "Memorize (Stanford)";
			sourceTree = "<group>";
		};
		2C11C92D25A610F4001EF9B4 /* Preview Content */ = {
			isa = PBXGroup;
			children = (
				2C11C92E25A610F4001EF9B4 /* Preview Assets.xcassets */,
			);
			path = "Preview Content";
			sourceTree = "<group>";
		};
/* End PBXGroup section */

/* Begin PBXNativeTarget section */
		2C11C92325A610F3001EF9B4 /* Memorize (Stanford) */ = {
			isa = PBXNativeTarget;
			buildConfigurationList = 2C11C93325A610F4001EF9B4 /* Build configuration list for PBXNativeTarget "Memorize (Stanford)" */;
			buildPhases = (
				2C11C92025A610F3001EF9B4 /* Sources */,
				2C11C92125A610F3001EF9B4 /* Frameworks */,
				2C11C92225A610F3001EF9B4 /* Resources */,
			);
			buildRules = (
			);
			dependencies = (
			);
			name = "Memorize (Stanford)";
			productName = "Memorize (Stanford)";
			productReference = 2C11C92425A610F3001EF9B4 /* Memorize (Stanford).app */;
			productType = "com.apple.product-type.application";
		};
/* End PBXNativeTarget section */

/* Begin PBXProject section */
		2C11C91C25A610F3001EF9B4 /* Project object */ = {
			isa = PBXProject;
			attributes = {
				LastSwiftUpdateCheck = 1230;
				LastUpgradeCheck = 1230;
				TargetAttributes = {
					2C11C92325A610F3001EF9B4 = {
						CreatedOnToolsVersion = 12.3;
					};
				};
			};
			buildConfigurationList = 2C11C91F25A610F3001EF9B4 /* Build configuration list for PBXProject "Memorize (Stanford)" */;
			compatibilityVersion = "Xcode 9.3";
			developmentRegion = en;
			hasScannedForEncodings = 0;
			knownRegions = (
				en,
				Base,
			);
			mainGroup = 2C11C91B25A610F3001EF9B4;
			productRefGroup = 2C11C92525A610F3001EF9B4 /* Products */;
			projectDirPath = "";
			projectRoot = "";
			targets = (
				2C11C92325A610F3001EF9B4 /* Memorize (Stanford) */,
			);
		};
/* End PBXProject section */

/* Begin PBXResourcesBuildPhase section */
		2C11C92225A610F3001EF9B4 /* Resources */ = {
			isa = PBXResourcesBuildPhase;
			buildActionMask = 2147483647;
			files = (
				2C11C92F25A610F4001EF9B4 /* Preview Assets.xcassets in Resources */,
				2C11C92C25A610F4001EF9B4 /* Assets.xcassets in Resources */,
				31821CB19336F396C77CD019 /* .gitignore in Resources */,
			);
			runOnlyForDeploymentPostprocessing = 0;
		};
/* End PBXResourcesBuildPhase section */

/* Begin PBXSourcesBuildPhase section */
		2C11C92025A610F3001EF9B4 /* Sources */ = {
			isa = PBXSourcesBuildPhase;
			buildActionMask = 2147483647;
			files = (
				2CBCA77625B17FFC008B6030 /* MemoryGame.swift in Sources */,
				2C11C92A25A610F3001EF9B4 /* EmojiMemoryGameView.swift in Sources */,
				2C11C92825A610F3001EF9B4 /* Memorize__Stanford_App.swift in Sources */,
				2CBCA77925B181F5008B6030 /* EmojiMemoryGame.swift in Sources */,
				31821CFFEB5E04F7F8A2B417 /* Grid.swift in Sources */,
				2C423F0525BAB8B600C3C786 /* Array+Identifiable.swift in Sources */,
				31821764E1E9FE7888B7CA9F /* GridLayout.swift in Sources */,
			);
			runOnlyForDeploymentPostprocessing = 0;
		};
/* End PBXSourcesBuildPhase section */

/* Begin XCBuildConfiguration section */
		2C11C93125A610F4001EF9B4 /* Debug */ = {
			isa = XCBuildConfiguration;
			buildSettings = {
				ALWAYS_SEARCH_USER_PATHS = NO;
				CLANG_ANALYZER_NONNULL = YES;
				CLANG_ANALYZER_NUMBER_OBJECT_CONVERSION = YES_AGGRESSIVE;
				CLANG_CXX_LANGUAGE_STANDARD = "gnu++14";
				CLANG_CXX_LIBRARY = "libc++";
				CLANG_ENABLE_MODULES = YES;
				CLANG_ENABLE_OBJC_ARC = YES;
				CLANG_ENABLE_OBJC_WEAK = YES;
				CLANG_WARN_BLOCK_CAPTURE_AUTORELEASING = YES;
				CLANG_WARN_BOOL_CONVERSION = YES;
				CLANG_WARN_COMMA = YES;
				CLANG_WARN_CONSTANT_CONVERSION = YES;
				CLANG_WARN_DEPRECATED_OBJC_IMPLEMENTATIONS = YES;
				CLANG_WARN_DIRECT_OBJC_ISA_USAGE = YES_ERROR;
				CLANG_WARN_DOCUMENTATION_COMMENTS = YES;
				CLANG_WARN_EMPTY_BODY = YES;
				CLANG_WARN_ENUM_CONVERSION = YES;
				CLANG_WARN_INFINITE_RECURSION = YES;
				CLANG_WARN_INT_CONVERSION = YES;
				CLANG_WARN_NON_LITERAL_NULL_CONVERSION = YES;
				CLANG_WARN_OBJC_IMPLICIT_RETAIN_SELF = YES;
				CLANG_WARN_OBJC_LITERAL_CONVERSION = YES;
				CLANG_WARN_OBJC_ROOT_CLASS = YES_ERROR;
				CLANG_WARN_QUOTED_INCLUDE_IN_FRAMEWORK_HEADER = YES;
				CLANG_WARN_RANGE_LOOP_ANALYSIS = YES;
				CLANG_WARN_STRICT_PROTOTYPES = YES;
				CLANG_WARN_SUSPICIOUS_MOVE = YES;
				CLANG_WARN_UNGUARDED_AVAILABILITY = YES_AGGRESSIVE;
				CLANG_WARN_UNREACHABLE_CODE = YES;
				CLANG_WARN__DUPLICATE_METHOD_MATCH = YES;
				COPY_PHASE_STRIP = NO;
				DEBUG_INFORMATION_FORMAT = dwarf;
				ENABLE_STRICT_OBJC_MSGSEND = YES;
				ENABLE_TESTABILITY = YES;
				GCC_C_LANGUAGE_STANDARD = gnu11;
				GCC_DYNAMIC_NO_PIC = NO;
				GCC_NO_COMMON_BLOCKS = YES;
				GCC_OPTIMIZATION_LEVEL = 0;
				GCC_PREPROCESSOR_DEFINITIONS = (
					"DEBUG=1",
					"$(inherited)",
				);
				GCC_WARN_64_TO_32_BIT_CONVERSION = YES;
				GCC_WARN_ABOUT_RETURN_TYPE = YES_ERROR;
				GCC_WARN_UNDECLARED_SELECTOR = YES;
				GCC_WARN_UNINITIALIZED_AUTOS = YES_AGGRESSIVE;
				GCC_WARN_UNUSED_FUNCTION = YES;
				GCC_WARN_UNUSED_VARIABLE = YES;
				IPHONEOS_DEPLOYMENT_TARGET = 14.3;
				MTL_ENABLE_DEBUG_INFO = INCLUDE_SOURCE;
				MTL_FAST_MATH = YES;
				ONLY_ACTIVE_ARCH = YES;
				SDKROOT = iphoneos;
				SWIFT_ACTIVE_COMPILATION_CONDITIONS = DEBUG;
				SWIFT_OPTIMIZATION_LEVEL = "-Onone";
			};
			name = Debug;
		};
		2C11C93225A610F4001EF9B4 /* Release */ = {
			isa = XCBuildConfiguration;
			buildSettings = {
				ALWAYS_SEARCH_USER_PATHS = NO;
				CLANG_ANALYZER_NONNULL = YES;
				CLANG_ANALYZER_NUMBER_OBJECT_CONVERSION = YES_AGGRESSIVE;
				CLANG_CXX_LANGUAGE_STANDARD = "gnu++14";
				CLANG_CXX_LIBRARY = "libc++";
				CLANG_ENABLE_MODULES = YES;
				CLANG_ENABLE_OBJC_ARC = YES;
				CLANG_ENABLE_OBJC_WEAK = YES;
				CLANG_WARN_BLOCK_CAPTURE_AUTORELEASING = YES;
				CLANG_WARN_BOOL_CONVERSION = YES;
				CLANG_WARN_COMMA = YES;
				CLANG_WARN_CONSTANT_CONVERSION = YES;
				CLANG_WARN_DEPRECATED_OBJC_IMPLEMENTATIONS = YES;
				CLANG_WARN_DIRECT_OBJC_ISA_USAGE = YES_ERROR;
				CLANG_WARN_DOCUMENTATION_COMMENTS = YES;
				CLANG_WARN_EMPTY_BODY = YES;
				CLANG_WARN_ENUM_CONVERSION = YES;
				CLANG_WARN_INFINITE_RECURSION = YES;
				CLANG_WARN_INT_CONVERSION = YES;
				CLANG_WARN_NON_LITERAL_NULL_CONVERSION = YES;
				CLANG_WARN_OBJC_IMPLICIT_RETAIN_SELF = YES;
				CLANG_WARN_OBJC_LITERAL_CONVERSION = YES;
				CLANG_WARN_OBJC_ROOT_CLASS = YES_ERROR;
				CLANG_WARN_QUOTED_INCLUDE_IN_FRAMEWORK_HEADER = YES;
				CLANG_WARN_RANGE_LOOP_ANALYSIS = YES;
				CLANG_WARN_STRICT_PROTOTYPES = YES;
				CLANG_WARN_SUSPICIOUS_MOVE = YES;
				CLANG_WARN_UNGUARDED_AVAILABILITY = YES_AGGRESSIVE;
				CLANG_WARN_UNREACHABLE_CODE = YES;
				CLANG_WARN__DUPLICATE_METHOD_MATCH = YES;
				COPY_PHASE_STRIP = NO;
				DEBUG_INFORMATION_FORMAT = "dwarf-with-dsym";
				ENABLE_NS_ASSERTIONS = NO;
				ENABLE_STRICT_OBJC_MSGSEND = YES;
				GCC_C_LANGUAGE_STANDARD = gnu11;
				GCC_NO_COMMON_BLOCKS = YES;
				GCC_WARN_64_TO_32_BIT_CONVERSION = YES;
				GCC_WARN_ABOUT_RETURN_TYPE = YES_ERROR;
				GCC_WARN_UNDECLARED_SELECTOR = YES;
				GCC_WARN_UNINITIALIZED_AUTOS = YES_AGGRESSIVE;
				GCC_WARN_UNUSED_FUNCTION = YES;
				GCC_WARN_UNUSED_VARIABLE = YES;
				IPHONEOS_DEPLOYMENT_TARGET = 14.3;
				MTL_ENABLE_DEBUG_INFO = NO;
				MTL_FAST_MATH = YES;
				SDKROOT = iphoneos;
				SWIFT_COMPILATION_MODE = wholemodule;
				SWIFT_OPTIMIZATION_LEVEL = "-O";
				VALIDATE_PRODUCT = YES;
			};
			name = Release;
		};
		2C11C93425A610F4001EF9B4 /* Debug */ = {
			isa = XCBuildConfiguration;
			buildSettings = {
				ASSETCATALOG_COMPILER_APPICON_NAME = AppIcon;
				ASSETCATALOG_COMPILER_GLOBAL_ACCENT_COLOR_NAME = AccentColor;
				CODE_SIGN_STYLE = Automatic;
				DEVELOPMENT_ASSET_PATHS = "\"Memorize (Stanford)/Preview Content\"";
				ENABLE_PREVIEWS = YES;
				INFOPLIST_FILE = "Memorize (Stanford)/Info.plist";
				IPHONEOS_DEPLOYMENT_TARGET = 14.0;
				LD_RUNPATH_SEARCH_PATHS = (
					"$(inherited)",
					"@executable_path/Frameworks",
				);
				PRODUCT_BUNDLE_IDENTIFIER = "iskovpin.Memorize--Stanford-";
				PRODUCT_NAME = "$(TARGET_NAME)";
				SWIFT_VERSION = 5.0;
				TARGETED_DEVICE_FAMILY = "1,2";
			};
			name = Debug;
		};
		2C11C93525A610F4001EF9B4 /* Release */ = {
			isa = XCBuildConfiguration;
			buildSettings = {
				ASSETCATALOG_COMPILER_APPICON_NAME = AppIcon;
				ASSETCATALOG_COMPILER_GLOBAL_ACCENT_COLOR_NAME = AccentColor;
				CODE_SIGN_STYLE = Automatic;
				DEVELOPMENT_ASSET_PATHS = "\"Memorize (Stanford)/Preview Content\"";
				ENABLE_PREVIEWS = YES;
				INFOPLIST_FILE = "Memorize (Stanford)/Info.plist";
				IPHONEOS_DEPLOYMENT_TARGET = 14.0;
				LD_RUNPATH_SEARCH_PATHS = (
					"$(inherited)",
					"@executable_path/Frameworks",
				);
				PRODUCT_BUNDLE_IDENTIFIER = "iskovpin.Memorize--Stanford-";
				PRODUCT_NAME = "$(TARGET_NAME)";
				SWIFT_VERSION = 5.0;
				TARGETED_DEVICE_FAMILY = "1,2";
			};
			name = Release;
		};
/* End XCBuildConfiguration section */

/* Begin XCConfigurationList section */
		2C11C91F25A610F3001EF9B4 /* Build configuration list for PBXProject "Memorize (Stanford)" */ = {
			isa = XCConfigurationList;
			buildConfigurations = (
				2C11C93125A610F4001EF9B4 /* Debug */,
				2C11C93225A610F4001EF9B4 /* Release */,
			);
			defaultConfigurationIsVisible = 0;
			defaultConfigurationName = Release;
		};
		2C11C93325A610F4001EF9B4 /* Build configuration list for PBXNativeTarget "Memorize (Stanford)" */ = {
			isa = XCConfigurationList;
			buildConfigurations = (
				2C11C93425A610F4001EF9B4 /* Debug */,
				2C11C93525A610F4001EF9B4 /* Release */,
			);
			defaultConfigurationIsVisible = 0;
			defaultConfigurationName = Release;
		};
/* End XCConfigurationList section */
	};
	rootObject = 2C11C91C25A610F3001EF9B4 /* Project object */;
}
